
Microsoft Visual Studio Solution File, Format Version 12.00
# Visual Studio Version 16
VisualStudioVersion = 16.0.33130.400
MinimumVisualStudioVersion = 10.0.40219.1
Project("{FAE04EC0-301F-11D3-BF4B-00C04F79EFBC}") = "webappnew", "webappnew\webappnew.csproj", "{898AB076-49E2-40E1-AEF2-22B07DD01982}"
EndProject
Global
	GlobalSection(SolutionConfigurationPlatforms) = preSolution
		Debug|Any CPU = Debug|Any CPU
		Release|Any CPU = Release|Any CPU
	EndGlobalSection
	GlobalSection(ProjectConfigurationPlatforms) = postSolution
		{898AB076-49E2-40E1-AEF2-22B07DD01982}.Debug|Any CPU.ActiveCfg = Debug|Any CPU
		{898AB076-49E2-40E1-AEF2-22B07DD01982}.Debug|Any CPU.Build.0 = Debug|Any CPU
		{898AB076-49E2-40E1-AEF2-22B07DD01982}.Release|Any CPU.ActiveCfg = Release|Any CPU
		{898AB076-49E2-40E1-AEF2-22B07DD01982}.Release|Any CPU.Build.0 = Release|Any CPU
	EndGlobalSection
	GlobalSection(SolutionProperties) = preSolution
		HideSolutionNode = FALSE
	EndGlobalSection
	GlobalSection(ExtensibilityGlobals) = postSolution
		SolutionGuid = {2727BA26-A1ED-40EB-8725-41CDB7479C3C}
	EndGlobalSection
EndGlobal
